
Microsoft Visual Studio Solution File, Format Version 12.00
# Visual Studio 15
VisualStudioVersion = 15.0.27004.2009
MinimumVisualStudioVersion = 10.0.40219.1
Project("{F184B08F-C81C-45F6-A57F-5ABD9991F28F}") = "Customer.UI", "Customer.UI\Customer.UI.vbproj", "{A7A7FC92-BE01-4AD8-A26D-B61994FEE72E}"
EndProject
Project("{F184B08F-C81C-45F6-A57F-5ABD9991F28F}") = "Customer.DAL", "Customer.DAL\Customer.DAL.vbproj", "{147B5CAB-7B93-4921-8578-A748C83C02E7}"
EndProject
Global
	GlobalSection(SolutionConfigurationPlatforms) = preSolution
		Debug|Any CPU = Debug|Any CPU
		Release|Any CPU = Release|Any CPU
	EndGlobalSection
	GlobalSection(ProjectConfigurationPlatforms) = postSolution
		{A7A7FC92-BE01-4AD8-A26D-B61994FEE72E}.Debug|Any CPU.ActiveCfg = Debug|Any CPU
		{A7A7FC92-BE01-4AD8-A26D-B61994FEE72E}.Debug|Any CPU.Build.0 = Debug|Any CPU
		{A7A7FC92-BE01-4AD8-A26D-B61994FEE72E}.Release|Any CPU.ActiveCfg = Release|Any CPU
		{A7A7FC92-BE01-4AD8-A26D-B61994FEE72E}.Release|Any CPU.Build.0 = Release|Any CPU
		{147B5CAB-7B93-4921-8578-A748C83C02E7}.Debug|Any CPU.ActiveCfg = Debug|Any CPU
		{147B5CAB-7B93-4921-8578-A748C83C02E7}.Debug|Any CPU.Build.0 = Debug|Any CPU
		{147B5CAB-7B93-4921-8578-A748C83C02E7}.Release|Any CPU.ActiveCfg = Release|Any CPU
		{147B5CAB-7B93-4921-8578-A748C83C02E7}.Release|Any CPU.Build.0 = Release|Any CPU
	EndGlobalSection
	GlobalSection(SolutionProperties) = preSolution
		HideSolutionNode = FALSE
	EndGlobalSection
	GlobalSection(ExtensibilityGlobals) = postSolution
		SolutionGuid = {4C05B642-FB1B-40E1-A3E7-0E14EADD6430}
	EndGlobalSection
EndGlobal
